
Microsoft Visual Studio Solution File, Format Version 12.00
# Visual Studio Version 17
VisualStudioVersion = 17.0.32002.185
MinimumVisualStudioVersion = 10.0.40219.1
Project("{FAE04EC0-301F-11D3-BF4B-00C04F79EFBC}") = "RENTA", "BancaRota\RENTA.csproj", "{031FD7DA-68E3-4547-81A7-8449AED51288}"
EndProject
Global
	GlobalSection(SolutionConfigurationPlatforms) = preSolution
		Debug|Any CPU = Debug|Any CPU
		Release|Any CPU = Release|Any CPU
	EndGlobalSection
	GlobalSection(ProjectConfigurationPlatforms) = postSolution
		{031FD7DA-68E3-4547-81A7-8449AED51288}.Debug|Any CPU.ActiveCfg = Debug|Any CPU
		{031FD7DA-68E3-4547-81A7-8449AED51288}.Debug|Any CPU.Build.0 = Debug|Any CPU
		{031FD7DA-68E3-4547-81A7-8449AED51288}.Release|Any CPU.ActiveCfg = Release|Any CPU
		{031FD7DA-68E3-4547-81A7-8449AED51288}.Release|Any CPU.Build.0 = Release|Any CPU
	EndGlobalSection
	GlobalSection(SolutionProperties) = preSolution
		HideSolutionNode = FALSE
	EndGlobalSection
	GlobalSection(ExtensibilityGlobals) = postSolution
		SolutionGuid = {4A422E23-2A66-415C-9B42-B9227CE1CFB1}
	EndGlobalSection
EndGlobal
